
Microsoft Visual Studio Solution File, Format Version 12.00
# Visual Studio Version 16
VisualStudioVersion = 16.0.31129.286
MinimumVisualStudioVersion = 10.0.40219.1
Project("{FAE04EC0-301F-11D3-BF4B-00C04F79EFBC}") = "SendingEmail", "SendingEmail\SendingEmail.csproj", "{7B280CA0-3E52-44C8-B225-F9AB600D8807}"
	ProjectSection(ProjectDependencies) = postProject
		{942E93CE-F41E-4E75-BFAE-541B86FCFBA7} = {942E93CE-F41E-4E75-BFAE-541B86FCFBA7}
	EndProjectSection
EndProject
Project("{FAE04EC0-301F-11D3-BF4B-00C04F79EFBC}") = "SE.DAL", "SE.DAL\SE.DAL.csproj", "{81496EA9-62D4-4579-BBE4-0A8D58067935}"
EndProject
Project("{FAE04EC0-301F-11D3-BF4B-00C04F79EFBC}") = "SE.BLL", "SE.BLL\SE.BLL.csproj", "{942E93CE-F41E-4E75-BFAE-541B86FCFBA7}"
	ProjectSection(ProjectDependencies) = postProject
		{81496EA9-62D4-4579-BBE4-0A8D58067935} = {81496EA9-62D4-4579-BBE4-0A8D58067935}
	EndProjectSection
EndProject
Global
	GlobalSection(SolutionConfigurationPlatforms) = preSolution
		Debug|Any CPU = Debug|Any CPU
		Release|Any CPU = Release|Any CPU
	EndGlobalSection
	GlobalSection(ProjectConfigurationPlatforms) = postSolution
		{7B280CA0-3E52-44C8-B225-F9AB600D8807}.Debug|Any CPU.ActiveCfg = Debug|Any CPU
		{7B280CA0-3E52-44C8-B225-F9AB600D8807}.Debug|Any CPU.Build.0 = Debug|Any CPU
		{7B280CA0-3E52-44C8-B225-F9AB600D8807}.Release|Any CPU.ActiveCfg = Release|Any CPU
		{7B280CA0-3E52-44C8-B225-F9AB600D8807}.Release|Any CPU.Build.0 = Release|Any CPU
		{81496EA9-62D4-4579-BBE4-0A8D58067935}.Debug|Any CPU.ActiveCfg = Debug|Any CPU
		{81496EA9-62D4-4579-BBE4-0A8D58067935}.Debug|Any CPU.Build.0 = Debug|Any CPU
		{81496EA9-62D4-4579-BBE4-0A8D58067935}.Release|Any CPU.ActiveCfg = Release|Any CPU
		{81496EA9-62D4-4579-BBE4-0A8D58067935}.Release|Any CPU.Build.0 = Release|Any CPU
		{942E93CE-F41E-4E75-BFAE-541B86FCFBA7}.Debug|Any CPU.ActiveCfg = Debug|Any CPU
		{942E93CE-F41E-4E75-BFAE-541B86FCFBA7}.Debug|Any CPU.Build.0 = Debug|Any CPU
		{942E93CE-F41E-4E75-BFAE-541B86FCFBA7}.Release|Any CPU.ActiveCfg = Release|Any CPU
		{942E93CE-F41E-4E75-BFAE-541B86FCFBA7}.Release|Any CPU.Build.0 = Release|Any CPU
	EndGlobalSection
	GlobalSection(SolutionProperties) = preSolution
		HideSolutionNode = FALSE
	EndGlobalSection
	GlobalSection(ExtensibilityGlobals) = postSolution
		SolutionGuid = {760EE58B-5246-434A-8A09-1BCB430F0469}
	EndGlobalSection
EndGlobal
